
Microsoft Visual Studio Solution File, Format Version 12.00
# Visual Studio Version 17
VisualStudioVersion = 17.0.31903.59
MinimumVisualStudioVersion = 10.0.40219.1
Project("{2150E333-8FDC-42A3-9474-1A3956D46DE8}") = "src", "src", "{827E0CD3-B72D-47B6-A68D-7590B98EB39B}"
EndProject
Project("{FAE04EC0-301F-11D3-BF4B-00C04F79EFBC}") = "RsqlParserNet", "src\RsqlParserNet\RsqlParserNet.csproj", "{68F4B41F-A2C5-4157-AA18-07F6CECD3B77}"
EndProject
Project("{2150E333-8FDC-42A3-9474-1A3956D46DE8}") = "tests", "tests", "{0AB3BF05-4346-4AA6-1389-037BE0695223}"
EndProject
Project("{FAE04EC0-301F-11D3-BF4B-00C04F79EFBC}") = "RsqlParserNet.Tests", "tests\RsqlParserNet.Tests\RsqlParserNet.Tests.csproj", "{EA5E1D36-3C10-460E-864F-236B65FA3986}"
EndProject
Project("{FAE04EC0-301F-11D3-BF4B-00C04F79EFBC}") = "RsqlParserNet.Linq", "src\RsqlParserNet.Linq\RsqlParserNet.Linq.csproj", "{8E51F559-AD96-4936-A000-DF1CFF6E815D}"
EndProject
Project("{FAE04EC0-301F-11D3-BF4B-00C04F79EFBC}") = "RsqlParserNet.Linq.Tests", "tests\RsqlParserNet.Linq.Tests\RsqlParserNet.Linq.Tests.csproj", "{C7180231-6E1D-4738-BF88-921AB2550123}"
EndProject
Project("{FAE04EC0-301F-11D3-BF4B-00C04F79EFBC}") = "RsqlParserNet.AspNetCore", "src\RsqlParserNet.AspNetCore\RsqlParserNet.AspNetCore.csproj", "{3FA2EC9F-C4C5-42A7-9FDC-3A6B5D6D02FC}"
EndProject
Project("{FAE04EC0-301F-11D3-BF4B-00C04F79EFBC}") = "RsqlParserNet.AspNetCore.Tests", "tests\RsqlParserNet.AspNetCore.Tests\RsqlParserNet.AspNetCore.Tests.csproj", "{498DB68D-AAB3-4D18-9089-A45C7842FE46}"
EndProject
Project("{FAE04EC0-301F-11D3-BF4B-00C04F79EFBC}") = "RsqlParserNet.EntityFrameworkCore", "src\RsqlParserNet.EntityFrameworkCore\RsqlParserNet.EntityFrameworkCore.csproj", "{BA82450C-9FA3-448C-89FE-703697EC5085}"
EndProject
Project("{FAE04EC0-301F-11D3-BF4B-00C04F79EFBC}") = "RsqlParserNet.EntityFrameworkCore.Tests", "tests\RsqlParserNet.EntityFrameworkCore.Tests\RsqlParserNet.EntityFrameworkCore.Tests.csproj", "{BC7CF18A-9D0C-4414-91A0-68BDA87172C1}"
EndProject
Project("{FAE04EC0-301F-11D3-BF4B-00C04F79EFBC}") = "RsqlParserNet.FastEndpoints", "src\RsqlParserNet.FastEndpoints\RsqlParserNet.FastEndpoints.csproj", "{62F8133F-7D63-400F-A013-E3483683722A}"
EndProject
Project("{FAE04EC0-301F-11D3-BF4B-00C04F79EFBC}") = "RsqlParserNet.FastEndpoints.Tests", "tests\RsqlParserNet.FastEndpoints.Tests\RsqlParserNet.FastEndpoints.Tests.csproj", "{25DAA3D5-B04C-48A2-B49C-8D47043CF107}"
EndProject
Global
	GlobalSection(SolutionConfigurationPlatforms) = preSolution
		Debug|Any CPU = Debug|Any CPU
		Debug|x64 = Debug|x64
		Debug|x86 = Debug|x86
		Release|Any CPU = Release|Any CPU
		Release|x64 = Release|x64
		Release|x86 = Release|x86
	EndGlobalSection
	GlobalSection(ProjectConfigurationPlatforms) = postSolution
		{68F4B41F-A2C5-4157-AA18-07F6CECD3B77}.Debug|Any CPU.ActiveCfg = Debug|Any CPU
		{68F4B41F-A2C5-4157-AA18-07F6CECD3B77}.Debug|Any CPU.Build.0 = Debug|Any CPU
		{68F4B41F-A2C5-4157-AA18-07F6CECD3B77}.Debug|x64.ActiveCfg = Debug|Any CPU
		{68F4B41F-A2C5-4157-AA18-07F6CECD3B77}.Debug|x64.Build.0 = Debug|Any CPU
		{68F4B41F-A2C5-4157-AA18-07F6CECD3B77}.Debug|x86.ActiveCfg = Debug|Any CPU
		{68F4B41F-A2C5-4157-AA18-07F6CECD3B77}.Debug|x86.Build.0 = Debug|Any CPU
		{68F4B41F-A2C5-4157-AA18-07F6CECD3B77}.Release|Any CPU.ActiveCfg = Release|Any CPU
		{68F4B41F-A2C5-4157-AA18-07F6CECD3B77}.Release|Any CPU.Build.0 = Release|Any CPU
		{68F4B41F-A2C5-4157-AA18-07F6CECD3B77}.Release|x64.ActiveCfg = Release|Any CPU
		{68F4B41F-A2C5-4157-AA18-07F6CECD3B77}.Release|x64.Build.0 = Release|Any CPU
		{68F4B41F-A2C5-4157-AA18-07F6CECD3B77}.Release|x86.ActiveCfg = Release|Any CPU
		{68F4B41F-A2C5-4157-AA18-07F6CECD3B77}.Release|x86.Build.0 = Release|Any CPU
		{EA5E1D36-3C10-460E-864F-236B65FA3986}.Debug|Any CPU.ActiveCfg = Debug|Any CPU
		{EA5E1D36-3C10-460E-864F-236B65FA3986}.Debug|Any CPU.Build.0 = Debug|Any CPU
		{EA5E1D36-3C10-460E-864F-236B65FA3986}.Debug|x64.ActiveCfg = Debug|Any CPU
		{EA5E1D36-3C10-460E-864F-236B65FA3986}.Debug|x64.Build.0 = Debug|Any CPU
		{EA5E1D36-3C10-460E-864F-236B65FA3986}.Debug|x86.ActiveCfg = Debug|Any CPU
		{EA5E1D36-3C10-460E-864F-236B65FA3986}.Debug|x86.Build.0 = Debug|Any CPU
		{EA5E1D36-3C10-460E-864F-236B65FA3986}.Release|Any CPU.ActiveCfg = Release|Any CPU
		{EA5E1D36-3C10-460E-864F-236B65FA3986}.Release|Any CPU.Build.0 = Release|Any CPU
		{EA5E1D36-3C10-460E-864F-236B65FA3986}.Release|x64.ActiveCfg = Release|Any CPU
		{EA5E1D36-3C10-460E-864F-236B65FA3986}.Release|x64.Build.0 = Release|Any CPU
		{EA5E1D36-3C10-460E-864F-236B65FA3986}.Release|x86.ActiveCfg = Release|Any CPU
		{EA5E1D36-3C10-460E-864F-236B65FA3986}.Release|x86.Build.0 = Release|Any CPU
		{8E51F559-AD96-4936-A000-DF1CFF6E815D}.Debug|Any CPU.ActiveCfg = Debug|Any CPU
		{8E51F559-AD96-4936-A000-DF1CFF6E815D}.Debug|Any CPU.Build.0 = Debug|Any CPU
		{8E51F559-AD96-4936-A000-DF1CFF6E815D}.Debug|x64.ActiveCfg = Debug|Any CPU
		{8E51F559-AD96-4936-A000-DF1CFF6E815D}.Debug|x64.Build.0 = Debug|Any CPU
		{8E51F559-AD96-4936-A000-DF1CFF6E815D}.Debug|x86.ActiveCfg = Debug|Any CPU
		{8E51F559-AD96-4936-A000-DF1CFF6E815D}.Debug|x86.Build.0 = Debug|Any CPU
		{8E51F559-AD96-4936-A000-DF1CFF6E815D}.Release|Any CPU.ActiveCfg = Release|Any CPU
		{8E51F559-AD96-4936-A000-DF1CFF6E815D}.Release|Any CPU.Build.0 = Release|Any CPU
		{8E51F559-AD96-4936-A000-DF1CFF6E815D}.Release|x64.ActiveCfg = Release|Any CPU
		{8E51F559-AD96-4936-A000-DF1CFF6E815D}.Release|x64.Build.0 = Release|Any CPU
		{8E51F559-AD96-4936-A000-DF1CFF6E815D}.Release|x86.ActiveCfg = Release|Any CPU
		{8E51F559-AD96-4936-A000-DF1CFF6E815D}.Release|x86.Build.0 = Release|Any CPU
		{C7180231-6E1D-4738-BF88-921AB2550123}.Debug|Any CPU.ActiveCfg = Debug|Any CPU
		{C7180231-6E1D-4738-BF88-921AB2550123}.Debug|Any CPU.Build.0 = Debug|Any CPU
		{C7180231-6E1D-4738-BF88-921AB2550123}.Debug|x64.ActiveCfg = Debug|Any CPU
		{C7180231-6E1D-4738-BF88-921AB2550123}.Debug|x64.Build.0 = Debug|Any CPU
		{C7180231-6E1D-4738-BF88-921AB2550123}.Debug|x86.ActiveCfg = Debug|Any CPU
		{C7180231-6E1D-4738-BF88-921AB2550123}.Debug|x86.Build.0 = Debug|Any CPU
		{C7180231-6E1D-4738-BF88-921AB2550123}.Release|Any CPU.ActiveCfg = Release|Any CPU
		{C7180231-6E1D-4738-BF88-921AB2550123}.Release|Any CPU.Build.0 = Release|Any CPU
		{C7180231-6E1D-4738-BF88-921AB2550123}.Release|x64.ActiveCfg = Release|Any CPU
		{C7180231-6E1D-4738-BF88-921AB2550123}.Release|x64.Build.0 = Release|Any CPU
		{C7180231-6E1D-4738-BF88-921AB2550123}.Release|x86.ActiveCfg = Release|Any CPU
		{C7180231-6E1D-4738-BF88-921AB2550123}.Release|x86.Build.0 = Release|Any CPU
		{3FA2EC9F-C4C5-42A7-9FDC-3A6B5D6D02FC}.Debug|Any CPU.ActiveCfg = Debug|Any CPU
		{3FA2EC9F-C4C5-42A7-9FDC-3A6B5D6D02FC}.Debug|Any CPU.Build.0 = Debug|Any CPU
		{3FA2EC9F-C4C5-42A7-9FDC-3A6B5D6D02FC}.Debug|x64.ActiveCfg = Debug|Any CPU
		{3FA2EC9F-C4C5-42A7-9FDC-3A6B5D6D02FC}.Debug|x64.Build.0 = Debug|Any CPU
		{3FA2EC9F-C4C5-42A7-9FDC-3A6B5D6D02FC}.Debug|x86.ActiveCfg = Debug|Any CPU
		{3FA2EC9F-C4C5-42A7-9FDC-3A6B5D6D02FC}.Debug|x86.Build.0 = Debug|Any CPU
		{3FA2EC9F-C4C5-42A7-9FDC-3A6B5D6D02FC}.Release|Any CPU.ActiveCfg = Release|Any CPU
		{3FA2EC9F-C4C5-42A7-9FDC-3A6B5D6D02FC}.Release|Any CPU.Build.0 = Release|Any CPU
		{3FA2EC9F-C4C5-42A7-9FDC-3A6B5D6D02FC}.Release|x64.ActiveCfg = Release|Any CPU
		{3FA2EC9F-C4C5-42A7-9FDC-3A6B5D6D02FC}.Release|x64.Build.0 = Release|Any CPU
		{3FA2EC9F-C4C5-42A7-9FDC-3A6B5D6D02FC}.Release|x86.ActiveCfg = Release|Any CPU
		{3FA2EC9F-C4C5-42A7-9FDC-3A6B5D6D02FC}.Release|x86.Build.0 = Release|Any CPU
		{498DB68D-AAB3-4D18-9089-A45C7842FE46}.Debug|Any CPU.ActiveCfg = Debug|Any CPU
		{498DB68D-AAB3-4D18-9089-A45C7842FE46}.Debug|Any CPU.Build.0 = Debug|Any CPU
		{498DB68D-AAB3-4D18-9089-A45C7842FE46}.Debug|x64.ActiveCfg = Debug|Any CPU
		{498DB68D-AAB3-4D18-9089-A45C7842FE46}.Debug|x64.Build.0 = Debug|Any CPU
		{498DB68D-AAB3-4D18-9089-A45C7842FE46}.Debug|x86.ActiveCfg = Debug|Any CPU
		{498DB68D-AAB3-4D18-9089-A45C7842FE46}.Debug|x86.Build.0 = Debug|Any CPU
		{498DB68D-AAB3-4D18-9089-A45C7842FE46}.Release|Any CPU.ActiveCfg = Release|Any CPU
		{498DB68D-AAB3-4D18-9089-A45C7842FE46}.Release|Any CPU.Build.0 = Release|Any CPU
		{498DB68D-AAB3-4D18-9089-A45C7842FE46}.Release|x64.ActiveCfg = Release|Any CPU
		{498DB68D-AAB3-4D18-9089-A45C7842FE46}.Release|x64.Build.0 = Release|Any CPU
		{498DB68D-AAB3-4D18-9089-A45C7842FE46}.Release|x86.ActiveCfg = Release|Any CPU
		{498DB68D-AAB3-4D18-9089-A45C7842FE46}.Release|x86.Build.0 = Release|Any CPU
		{BA82450C-9FA3-448C-89FE-703697EC5085}.Debug|Any CPU.ActiveCfg = Debug|Any CPU
		{BA82450C-9FA3-448C-89FE-703697EC5085}.Debug|Any CPU.Build.0 = Debug|Any CPU
		{BA82450C-9FA3-448C-89FE-703697EC5085}.Debug|x64.ActiveCfg = Debug|Any CPU
		{BA82450C-9FA3-448C-89FE-703697EC5085}.Debug|x64.Build.0 = Debug|Any CPU
		{BA82450C-9FA3-448C-89FE-703697EC5085}.Debug|x86.ActiveCfg = Debug|Any CPU
		{BA82450C-9FA3-448C-89FE-703697EC5085}.Debug|x86.Build.0 = Debug|Any CPU
		{BA82450C-9FA3-448C-89FE-703697EC5085}.Release|Any CPU.ActiveCfg = Release|Any CPU
		{BA82450C-9FA3-448C-89FE-703697EC5085}.Release|Any CPU.Build.0 = Release|Any CPU
		{BA82450C-9FA3-448C-89FE-703697EC5085}.Release|x64.ActiveCfg = Release|Any CPU
		{BA82450C-9FA3-448C-89FE-703697EC5085}.Release|x64.Build.0 = Release|Any CPU
		{BA82450C-9FA3-448C-89FE-703697EC5085}.Release|x86.ActiveCfg = Release|Any CPU
		{BA82450C-9FA3-448C-89FE-703697EC5085}.Release|x86.Build.0 = Release|Any CPU
		{BC7CF18A-9D0C-4414-91A0-68BDA87172C1}.Debug|Any CPU.ActiveCfg = Debug|Any CPU
		{BC7CF18A-9D0C-4414-91A0-68BDA87172C1}.Debug|Any CPU.Build.0 = Debug|Any CPU
		{BC7CF18A-9D0C-4414-91A0-68BDA87172C1}.Debug|x64.ActiveCfg = Debug|Any CPU
		{BC7CF18A-9D0C-4414-91A0-68BDA87172C1}.Debug|x64.Build.0 = Debug|Any CPU
		{BC7CF18A-9D0C-4414-91A0-68BDA87172C1}.Debug|x86.ActiveCfg = Debug|Any CPU
		{BC7CF18A-9D0C-4414-91A0-68BDA87172C1}.Debug|x86.Build.0 = Debug|Any CPU
		{BC7CF18A-9D0C-4414-91A0-68BDA87172C1}.Release|Any CPU.ActiveCfg = Release|Any CPU
		{BC7CF18A-9D0C-4414-91A0-68BDA87172C1}.Release|Any CPU.Build.0 = Release|Any CPU
		{BC7CF18A-9D0C-4414-91A0-68BDA87172C1}.Release|x64.ActiveCfg = Release|Any CPU
		{BC7CF18A-9D0C-4414-91A0-68BDA87172C1}.Release|x64.Build.0 = Release|Any CPU
		{BC7CF18A-9D0C-4414-91A0-68BDA87172C1}.Release|x86.ActiveCfg = Release|Any CPU
		{BC7CF18A-9D0C-4414-91A0-68BDA87172C1}.Release|x86.Build.0 = Release|Any CPU
		{62F8133F-7D63-400F-A013-E3483683722A}.Debug|Any CPU.ActiveCfg = Debug|Any CPU
		{62F8133F-7D63-400F-A013-E3483683722A}.Debug|Any CPU.Build.0 = Debug|Any CPU
		{62F8133F-7D63-400F-A013-E3483683722A}.Debug|x64.ActiveCfg = Debug|Any CPU
		{62F8133F-7D63-400F-A013-E3483683722A}.Debug|x64.Build.0 = Debug|Any CPU
		{62F8133F-7D63-400F-A013-E3483683722A}.Debug|x86.ActiveCfg = Debug|Any CPU
		{62F8133F-7D63-400F-A013-E3483683722A}.Debug|x86.Build.0 = Debug|Any CPU
		{62F8133F-7D63-400F-A013-E3483683722A}.Release|Any CPU.ActiveCfg = Release|Any CPU
		{62F8133F-7D63-400F-A013-E3483683722A}.Release|Any CPU.Build.0 = Release|Any CPU
		{62F8133F-7D63-400F-A013-E3483683722A}.Release|x64.ActiveCfg = Release|Any CPU
		{62F8133F-7D63-400F-A013-E3483683722A}.Release|x64.Build.0 = Release|Any CPU
		{62F8133F-7D63-400F-A013-E3483683722A}.Release|x86.ActiveCfg = Release|Any CPU
		{62F8133F-7D63-400F-A013-E3483683722A}.Release|x86.Build.0 = Release|Any CPU
		{25DAA3D5-B04C-48A2-B49C-8D47043CF107}.Debug|Any CPU.ActiveCfg = Debug|Any CPU
		{25DAA3D5-B04C-48A2-B49C-8D47043CF107}.Debug|Any CPU.Build.0 = Debug|Any CPU
		{25DAA3D5-B04C-48A2-B49C-8D47043CF107}.Debug|x64.ActiveCfg = Debug|Any CPU
		{25DAA3D5-B04C-48A2-B49C-8D47043CF107}.Debug|x64.Build.0 = Debug|Any CPU
		{25DAA3D5-B04C-48A2-B49C-8D47043CF107}.Debug|x86.ActiveCfg = Debug|Any CPU
		{25DAA3D5-B04C-48A2-B49C-8D47043CF107}.Debug|x86.Build.0 = Debug|Any CPU
		{25DAA3D5-B04C-48A2-B49C-8D47043CF107}.Release|Any CPU.ActiveCfg = Release|Any CPU
		{25DAA3D5-B04C-48A2-B49C-8D47043CF107}.Release|Any CPU.Build.0 = Release|Any CPU
		{25DAA3D5-B04C-48A2-B49C-8D47043CF107}.Release|x64.ActiveCfg = Release|Any CPU
		{25DAA3D5-B04C-48A2-B49C-8D47043CF107}.Release|x64.Build.0 = Release|Any CPU
		{25DAA3D5-B04C-48A2-B49C-8D47043CF107}.Release|x86.ActiveCfg = Release|Any CPU
		{25DAA3D5-B04C-48A2-B49C-8D47043CF107}.Release|x86.Build.0 = Release|Any CPU
	EndGlobalSection
	GlobalSection(SolutionProperties) = preSolution
		HideSolutionNode = FALSE
	EndGlobalSection
	GlobalSection(NestedProjects) = preSolution
		{68F4B41F-A2C5-4157-AA18-07F6CECD3B77} = {827E0CD3-B72D-47B6-A68D-7590B98EB39B}
		{EA5E1D36-3C10-460E-864F-236B65FA3986} = {0AB3BF05-4346-4AA6-1389-037BE0695223}
		{8E51F559-AD96-4936-A000-DF1CFF6E815D} = {827E0CD3-B72D-47B6-A68D-7590B98EB39B}
		{C7180231-6E1D-4738-BF88-921AB2550123} = {0AB3BF05-4346-4AA6-1389-037BE0695223}
		{3FA2EC9F-C4C5-42A7-9FDC-3A6B5D6D02FC} = {827E0CD3-B72D-47B6-A68D-7590B98EB39B}
		{498DB68D-AAB3-4D18-9089-A45C7842FE46} = {0AB3BF05-4346-4AA6-1389-037BE0695223}
		{BA82450C-9FA3-448C-89FE-703697EC5085} = {827E0CD3-B72D-47B6-A68D-7590B98EB39B}
		{BC7CF18A-9D0C-4414-91A0-68BDA87172C1} = {0AB3BF05-4346-4AA6-1389-037BE0695223}
		{62F8133F-7D63-400F-A013-E3483683722A} = {827E0CD3-B72D-47B6-A68D-7590B98EB39B}
		{25DAA3D5-B04C-48A2-B49C-8D47043CF107} = {0AB3BF05-4346-4AA6-1389-037BE0695223}
	EndGlobalSection
EndGlobal
